
Microsoft Visual Studio Solution File, Format Version 12.00
# Visual Studio Version 17
VisualStudioVersion = 17.6.33829.357
MinimumVisualStudioVersion = 10.0.40219.1
Project("{FAE04EC0-301F-11D3-BF4B-00C04F79EFBC}") = "assignment2", "assignment2\assignment2.csproj", "{DADFD29D-94F0-449B-88D5-81C27D22F99B}"
EndProject
Project("{2150E333-8FDC-42A3-9474-1A3956D46DE8}") = "Solution Items", "Solution Items", "{E71BD2F5-9DE3-43C8-9D7A-47C72D5569EE}"
EndProject
Global
	GlobalSection(SolutionConfigurationPlatforms) = preSolution
		Debug|Any CPU = Debug|Any CPU
		Release|Any CPU = Release|Any CPU
	EndGlobalSection
	GlobalSection(ProjectConfigurationPlatforms) = postSolution
		{DADFD29D-94F0-449B-88D5-81C27D22F99B}.Debug|Any CPU.ActiveCfg = Debug|Any CPU
		{DADFD29D-94F0-449B-88D5-81C27D22F99B}.Debug|Any CPU.Build.0 = Debug|Any CPU
		{DADFD29D-94F0-449B-88D5-81C27D22F99B}.Release|Any CPU.ActiveCfg = Release|Any CPU
		{DADFD29D-94F0-449B-88D5-81C27D22F99B}.Release|Any CPU.Build.0 = Release|Any CPU
	EndGlobalSection
	GlobalSection(SolutionProperties) = preSolution
		HideSolutionNode = FALSE
	EndGlobalSection
	GlobalSection(ExtensibilityGlobals) = postSolution
		SolutionGuid = {C5CC2073-291B-4927-B845-0410F0B28E35}
	EndGlobalSection
EndGlobal
