
Microsoft Visual Studio Solution File, Format Version 12.00
# Visual Studio Version 17
VisualStudioVersion = 17.6.33829.357
MinimumVisualStudioVersion = 10.0.40219.1
Project("{FAE04EC0-301F-11D3-BF4B-00C04F79EFBC}") = "assignment2", "WinFormsApp1\assignment2.csproj", "{C7B46A8F-AD61-4C35-AFEA-D094A430778D}"
EndProject
Global
	GlobalSection(SolutionConfigurationPlatforms) = preSolution
		Debug|Any CPU = Debug|Any CPU
		Release|Any CPU = Release|Any CPU
	EndGlobalSection
	GlobalSection(ProjectConfigurationPlatforms) = postSolution
		{C7B46A8F-AD61-4C35-AFEA-D094A430778D}.Debug|Any CPU.ActiveCfg = Debug|Any CPU
		{C7B46A8F-AD61-4C35-AFEA-D094A430778D}.Debug|Any CPU.Build.0 = Debug|Any CPU
		{C7B46A8F-AD61-4C35-AFEA-D094A430778D}.Release|Any CPU.ActiveCfg = Release|Any CPU
		{C7B46A8F-AD61-4C35-AFEA-D094A430778D}.Release|Any CPU.Build.0 = Release|Any CPU
	EndGlobalSection
	GlobalSection(SolutionProperties) = preSolution
		HideSolutionNode = FALSE
	EndGlobalSection
	GlobalSection(ExtensibilityGlobals) = postSolution
		SolutionGuid = {58F11D4A-BD28-4EEB-9DB0-E75F9F3E77B1}
	EndGlobalSection
EndGlobal
